
Microsoft Visual Studio Solution File, Format Version 12.00
# Visual Studio Version 16
VisualStudioVersion = 16.0.32630.194
MinimumVisualStudioVersion = 10.0.40219.1
Project("{FAE04EC0-301F-11D3-BF4B-00C04F79EFBC}") = "ExercicioAula05", "ExercicioAula05\ExercicioAula05.csproj", "{F701713A-32E8-47E3-80D0-8594BB7CC69D}"
EndProject
Global
	GlobalSection(SolutionConfigurationPlatforms) = preSolution
		Debug|Any CPU = Debug|Any CPU
		Release|Any CPU = Release|Any CPU
	EndGlobalSection
	GlobalSection(ProjectConfigurationPlatforms) = postSolution
		{F701713A-32E8-47E3-80D0-8594BB7CC69D}.Debug|Any CPU.ActiveCfg = Debug|Any CPU
		{F701713A-32E8-47E3-80D0-8594BB7CC69D}.Debug|Any CPU.Build.0 = Debug|Any CPU
		{F701713A-32E8-47E3-80D0-8594BB7CC69D}.Release|Any CPU.ActiveCfg = Release|Any CPU
		{F701713A-32E8-47E3-80D0-8594BB7CC69D}.Release|Any CPU.Build.0 = Release|Any CPU
	EndGlobalSection
	GlobalSection(SolutionProperties) = preSolution
		HideSolutionNode = FALSE
	EndGlobalSection
	GlobalSection(ExtensibilityGlobals) = postSolution
		SolutionGuid = {36FA1ADA-1D94-4D84-BE5F-54BFCE869237}
	EndGlobalSection
EndGlobal
